
Microsoft Visual Studio Solution File, Format Version 12.00
# Visual Studio 14
VisualStudioVersion = 14.0.23107.0
MinimumVisualStudioVersion = 10.0.40219.1
Project("{FAE04EC0-301F-11D3-BF4B-00C04F79EFBC}") = "UWP4", "UWP4\UWP4.csproj", "{04B7DBC1-0B6A-420C-B1F6-F33FE01108A0}"
EndProject
Project("{FAE04EC0-301F-11D3-BF4B-00C04F79EFBC}") = "UWP6", "UWP6\UWP6.csproj", "{ECD6E35D-D851-437C-BCE6-B4A55DBD878E}"
EndProject
Project("{FAE04EC0-301F-11D3-BF4B-00C04F79EFBC}") = "UWP7", "UWP7\UWP7.csproj", "{7E9E3BF7-3C21-4685-8C1D-9677A868ABAC}"
EndProject
Project("{FAE04EC0-301F-11D3-BF4B-00C04F79EFBC}") = "UWP8", "UWP8\UWP8.csproj", "{FBBD2209-EF28-4514-8FE5-4BDDE2B574CA}"
EndProject
Project("{FAE04EC0-301F-11D3-BF4B-00C04F79EFBC}") = "UWP11", "UWP11\UWP11.csproj", "{2138BF70-4B23-4A75-A4BD-1082727957D0}"
EndProject
Project("{FAE04EC0-301F-11D3-BF4B-00C04F79EFBC}") = "UWP13", "UWP13\UWP13.csproj", "{37DE209F-8D6E-40E2-ABF1-95648190DD41}"
EndProject
Project("{FAE04EC0-301F-11D3-BF4B-00C04F79EFBC}") = "UWP18", "UWP18\UWP18.csproj", "{433A7B8C-BEF1-4F49-A93A-99ABE065DA66}"
EndProject
Project("{FAE04EC0-301F-11D3-BF4B-00C04F79EFBC}") = "UWP21", "UWP21\UWP21.csproj", "{0F616310-61A4-4DE9-B646-E7017DC43CEC}"
EndProject
Project("{FAE04EC0-301F-11D3-BF4B-00C04F79EFBC}") = "UWP23", "UWP23\UWP23.csproj", "{40CF1385-DEB3-4270-98B0-70F0A3D7FCF5}"
EndProject
Global
	GlobalSection(SolutionConfigurationPlatforms) = preSolution
		Debug|ARM = Debug|ARM
		Debug|x64 = Debug|x64
		Debug|x86 = Debug|x86
		Release|ARM = Release|ARM
		Release|x64 = Release|x64
		Release|x86 = Release|x86
	EndGlobalSection
	GlobalSection(ProjectConfigurationPlatforms) = postSolution
		{04B7DBC1-0B6A-420C-B1F6-F33FE01108A0}.Debug|ARM.ActiveCfg = Debug|ARM
		{04B7DBC1-0B6A-420C-B1F6-F33FE01108A0}.Debug|ARM.Build.0 = Debug|ARM
		{04B7DBC1-0B6A-420C-B1F6-F33FE01108A0}.Debug|ARM.Deploy.0 = Debug|ARM
		{04B7DBC1-0B6A-420C-B1F6-F33FE01108A0}.Debug|x64.ActiveCfg = Debug|x64
		{04B7DBC1-0B6A-420C-B1F6-F33FE01108A0}.Debug|x64.Build.0 = Debug|x64
		{04B7DBC1-0B6A-420C-B1F6-F33FE01108A0}.Debug|x64.Deploy.0 = Debug|x64
		{04B7DBC1-0B6A-420C-B1F6-F33FE01108A0}.Debug|x86.ActiveCfg = Debug|x86
		{04B7DBC1-0B6A-420C-B1F6-F33FE01108A0}.Debug|x86.Build.0 = Debug|x86
		{04B7DBC1-0B6A-420C-B1F6-F33FE01108A0}.Debug|x86.Deploy.0 = Debug|x86
		{04B7DBC1-0B6A-420C-B1F6-F33FE01108A0}.Release|ARM.ActiveCfg = Release|ARM
		{04B7DBC1-0B6A-420C-B1F6-F33FE01108A0}.Release|ARM.Build.0 = Release|ARM
		{04B7DBC1-0B6A-420C-B1F6-F33FE01108A0}.Release|ARM.Deploy.0 = Release|ARM
		{04B7DBC1-0B6A-420C-B1F6-F33FE01108A0}.Release|x64.ActiveCfg = Release|x64
		{04B7DBC1-0B6A-420C-B1F6-F33FE01108A0}.Release|x64.Build.0 = Release|x64
		{04B7DBC1-0B6A-420C-B1F6-F33FE01108A0}.Release|x64.Deploy.0 = Release|x64
		{04B7DBC1-0B6A-420C-B1F6-F33FE01108A0}.Release|x86.ActiveCfg = Release|x86
		{04B7DBC1-0B6A-420C-B1F6-F33FE01108A0}.Release|x86.Build.0 = Release|x86
		{04B7DBC1-0B6A-420C-B1F6-F33FE01108A0}.Release|x86.Deploy.0 = Release|x86
		{ECD6E35D-D851-437C-BCE6-B4A55DBD878E}.Debug|ARM.ActiveCfg = Debug|ARM
		{ECD6E35D-D851-437C-BCE6-B4A55DBD878E}.Debug|ARM.Build.0 = Debug|ARM
		{ECD6E35D-D851-437C-BCE6-B4A55DBD878E}.Debug|ARM.Deploy.0 = Debug|ARM
		{ECD6E35D-D851-437C-BCE6-B4A55DBD878E}.Debug|x64.ActiveCfg = Debug|x64
		{ECD6E35D-D851-437C-BCE6-B4A55DBD878E}.Debug|x64.Build.0 = Debug|x64
		{ECD6E35D-D851-437C-BCE6-B4A55DBD878E}.Debug|x64.Deploy.0 = Debug|x64
		{ECD6E35D-D851-437C-BCE6-B4A55DBD878E}.Debug|x86.ActiveCfg = Debug|x86
		{ECD6E35D-D851-437C-BCE6-B4A55DBD878E}.Debug|x86.Build.0 = Debug|x86
		{ECD6E35D-D851-437C-BCE6-B4A55DBD878E}.Debug|x86.Deploy.0 = Debug|x86
		{ECD6E35D-D851-437C-BCE6-B4A55DBD878E}.Release|ARM.ActiveCfg = Release|ARM
		{ECD6E35D-D851-437C-BCE6-B4A55DBD878E}.Release|ARM.Build.0 = Release|ARM
		{ECD6E35D-D851-437C-BCE6-B4A55DBD878E}.Release|ARM.Deploy.0 = Release|ARM
		{ECD6E35D-D851-437C-BCE6-B4A55DBD878E}.Release|x64.ActiveCfg = Release|x64
		{ECD6E35D-D851-437C-BCE6-B4A55DBD878E}.Release|x64.Build.0 = Release|x64
		{ECD6E35D-D851-437C-BCE6-B4A55DBD878E}.Release|x64.Deploy.0 = Release|x64
		{ECD6E35D-D851-437C-BCE6-B4A55DBD878E}.Release|x86.ActiveCfg = Release|x86
		{ECD6E35D-D851-437C-BCE6-B4A55DBD878E}.Release|x86.Build.0 = Release|x86
		{ECD6E35D-D851-437C-BCE6-B4A55DBD878E}.Release|x86.Deploy.0 = Release|x86
		{7E9E3BF7-3C21-4685-8C1D-9677A868ABAC}.Debug|ARM.ActiveCfg = Debug|ARM
		{7E9E3BF7-3C21-4685-8C1D-9677A868ABAC}.Debug|ARM.Build.0 = Debug|ARM
		{7E9E3BF7-3C21-4685-8C1D-9677A868ABAC}.Debug|ARM.Deploy.0 = Debug|ARM
		{7E9E3BF7-3C21-4685-8C1D-9677A868ABAC}.Debug|x64.ActiveCfg = Debug|x64
		{7E9E3BF7-3C21-4685-8C1D-9677A868ABAC}.Debug|x64.Build.0 = Debug|x64
		{7E9E3BF7-3C21-4685-8C1D-9677A868ABAC}.Debug|x64.Deploy.0 = Debug|x64
		{7E9E3BF7-3C21-4685-8C1D-9677A868ABAC}.Debug|x86.ActiveCfg = Debug|x86
		{7E9E3BF7-3C21-4685-8C1D-9677A868ABAC}.Debug|x86.Build.0 = Debug|x86
		{7E9E3BF7-3C21-4685-8C1D-9677A868ABAC}.Debug|x86.Deploy.0 = Debug|x86
		{7E9E3BF7-3C21-4685-8C1D-9677A868ABAC}.Release|ARM.ActiveCfg = Release|ARM
		{7E9E3BF7-3C21-4685-8C1D-9677A868ABAC}.Release|ARM.Build.0 = Release|ARM
		{7E9E3BF7-3C21-4685-8C1D-9677A868ABAC}.Release|ARM.Deploy.0 = Release|ARM
		{7E9E3BF7-3C21-4685-8C1D-9677A868ABAC}.Release|x64.ActiveCfg = Release|x64
		{7E9E3BF7-3C21-4685-8C1D-9677A868ABAC}.Release|x64.Build.0 = Release|x64
		{7E9E3BF7-3C21-4685-8C1D-9677A868ABAC}.Release|x64.Deploy.0 = Release|x64
		{7E9E3BF7-3C21-4685-8C1D-9677A868ABAC}.Release|x86.ActiveCfg = Release|x86
		{7E9E3BF7-3C21-4685-8C1D-9677A868ABAC}.Release|x86.Build.0 = Release|x86
		{7E9E3BF7-3C21-4685-8C1D-9677A868ABAC}.Release|x86.Deploy.0 = Release|x86
		{FBBD2209-EF28-4514-8FE5-4BDDE2B574CA}.Debug|ARM.ActiveCfg = Debug|ARM
		{FBBD2209-EF28-4514-8FE5-4BDDE2B574CA}.Debug|ARM.Build.0 = Debug|ARM
		{FBBD2209-EF28-4514-8FE5-4BDDE2B574CA}.Debug|ARM.Deploy.0 = Debug|ARM
		{FBBD2209-EF28-4514-8FE5-4BDDE2B574CA}.Debug|x64.ActiveCfg = Debug|x64
		{FBBD2209-EF28-4514-8FE5-4BDDE2B574CA}.Debug|x64.Build.0 = Debug|x64
		{FBBD2209-EF28-4514-8FE5-4BDDE2B574CA}.Debug|x64.Deploy.0 = Debug|x64
		{FBBD2209-EF28-4514-8FE5-4BDDE2B574CA}.Debug|x86.ActiveCfg = Debug|x86
		{FBBD2209-EF28-4514-8FE5-4BDDE2B574CA}.Debug|x86.Build.0 = Debug|x86
		{FBBD2209-EF28-4514-8FE5-4BDDE2B574CA}.Debug|x86.Deploy.0 = Debug|x86
		{FBBD2209-EF28-4514-8FE5-4BDDE2B574CA}.Release|ARM.ActiveCfg = Release|ARM
		{FBBD2209-EF28-4514-8FE5-4BDDE2B574CA}.Release|ARM.Build.0 = Release|ARM
		{FBBD2209-EF28-4514-8FE5-4BDDE2B574CA}.Release|ARM.Deploy.0 = Release|ARM
		{FBBD2209-EF28-4514-8FE5-4BDDE2B574CA}.Release|x64.ActiveCfg = Release|x64
		{FBBD2209-EF28-4514-8FE5-4BDDE2B574CA}.Release|x64.Build.0 = Release|x64
		{FBBD2209-EF28-4514-8FE5-4BDDE2B574CA}.Release|x64.Deploy.0 = Release|x64
		{FBBD2209-EF28-4514-8FE5-4BDDE2B574CA}.Release|x86.ActiveCfg = Release|x86
		{FBBD2209-EF28-4514-8FE5-4BDDE2B574CA}.Release|x86.Build.0 = Release|x86
		{FBBD2209-EF28-4514-8FE5-4BDDE2B574CA}.Release|x86.Deploy.0 = Release|x86
		{2138BF70-4B23-4A75-A4BD-1082727957D0}.Debug|ARM.ActiveCfg = Debug|ARM
		{2138BF70-4B23-4A75-A4BD-1082727957D0}.Debug|ARM.Build.0 = Debug|ARM
		{2138BF70-4B23-4A75-A4BD-1082727957D0}.Debug|ARM.Deploy.0 = Debug|ARM
		{2138BF70-4B23-4A75-A4BD-1082727957D0}.Debug|x64.ActiveCfg = Debug|x64
		{2138BF70-4B23-4A75-A4BD-1082727957D0}.Debug|x64.Build.0 = Debug|x64
		{2138BF70-4B23-4A75-A4BD-1082727957D0}.Debug|x64.Deploy.0 = Debug|x64
		{2138BF70-4B23-4A75-A4BD-1082727957D0}.Debug|x86.ActiveCfg = Debug|x86
		{2138BF70-4B23-4A75-A4BD-1082727957D0}.Debug|x86.Build.0 = Debug|x86
		{2138BF70-4B23-4A75-A4BD-1082727957D0}.Debug|x86.Deploy.0 = Debug|x86
		{2138BF70-4B23-4A75-A4BD-1082727957D0}.Release|ARM.ActiveCfg = Release|ARM
		{2138BF70-4B23-4A75-A4BD-1082727957D0}.Release|ARM.Build.0 = Release|ARM
		{2138BF70-4B23-4A75-A4BD-1082727957D0}.Release|ARM.Deploy.0 = Release|ARM
		{2138BF70-4B23-4A75-A4BD-1082727957D0}.Release|x64.ActiveCfg = Release|x64
		{2138BF70-4B23-4A75-A4BD-1082727957D0}.Release|x64.Build.0 = Release|x64
		{2138BF70-4B23-4A75-A4BD-1082727957D0}.Release|x64.Deploy.0 = Release|x64
		{2138BF70-4B23-4A75-A4BD-1082727957D0}.Release|x86.ActiveCfg = Release|x86
		{2138BF70-4B23-4A75-A4BD-1082727957D0}.Release|x86.Build.0 = Release|x86
		{2138BF70-4B23-4A75-A4BD-1082727957D0}.Release|x86.Deploy.0 = Release|x86
		{37DE209F-8D6E-40E2-ABF1-95648190DD41}.Debug|ARM.ActiveCfg = Debug|ARM
		{37DE209F-8D6E-40E2-ABF1-95648190DD41}.Debug|ARM.Build.0 = Debug|ARM
		{37DE209F-8D6E-40E2-ABF1-95648190DD41}.Debug|ARM.Deploy.0 = Debug|ARM
		{37DE209F-8D6E-40E2-ABF1-95648190DD41}.Debug|x64.ActiveCfg = Debug|x64
		{37DE209F-8D6E-40E2-ABF1-95648190DD41}.Debug|x64.Build.0 = Debug|x64
		{37DE209F-8D6E-40E2-ABF1-95648190DD41}.Debug|x64.Deploy.0 = Debug|x64
		{37DE209F-8D6E-40E2-ABF1-95648190DD41}.Debug|x86.ActiveCfg = Debug|x86
		{37DE209F-8D6E-40E2-ABF1-95648190DD41}.Debug|x86.Build.0 = Debug|x86
		{37DE209F-8D6E-40E2-ABF1-95648190DD41}.Debug|x86.Deploy.0 = Debug|x86
		{37DE209F-8D6E-40E2-ABF1-95648190DD41}.Release|ARM.ActiveCfg = Release|ARM
		{37DE209F-8D6E-40E2-ABF1-95648190DD41}.Release|ARM.Build.0 = Release|ARM
		{37DE209F-8D6E-40E2-ABF1-95648190DD41}.Release|ARM.Deploy.0 = Release|ARM
		{37DE209F-8D6E-40E2-ABF1-95648190DD41}.Release|x64.ActiveCfg = Release|x64
		{37DE209F-8D6E-40E2-ABF1-95648190DD41}.Release|x64.Build.0 = Release|x64
		{37DE209F-8D6E-40E2-ABF1-95648190DD41}.Release|x64.Deploy.0 = Release|x64
		{37DE209F-8D6E-40E2-ABF1-95648190DD41}.Release|x86.ActiveCfg = Release|x86
		{37DE209F-8D6E-40E2-ABF1-95648190DD41}.Release|x86.Build.0 = Release|x86
		{37DE209F-8D6E-40E2-ABF1-95648190DD41}.Release|x86.Deploy.0 = Release|x86
		{433A7B8C-BEF1-4F49-A93A-99ABE065DA66}.Debug|ARM.ActiveCfg = Debug|ARM
		{433A7B8C-BEF1-4F49-A93A-99ABE065DA66}.Debug|ARM.Build.0 = Debug|ARM
		{433A7B8C-BEF1-4F49-A93A-99ABE065DA66}.Debug|ARM.Deploy.0 = Debug|ARM
		{433A7B8C-BEF1-4F49-A93A-99ABE065DA66}.Debug|x64.ActiveCfg = Debug|x64
		{433A7B8C-BEF1-4F49-A93A-99ABE065DA66}.Debug|x64.Build.0 = Debug|x64
		{433A7B8C-BEF1-4F49-A93A-99ABE065DA66}.Debug|x64.Deploy.0 = Debug|x64
		{433A7B8C-BEF1-4F49-A93A-99ABE065DA66}.Debug|x86.ActiveCfg = Debug|x86
		{433A7B8C-BEF1-4F49-A93A-99ABE065DA66}.Debug|x86.Build.0 = Debug|x86
		{433A7B8C-BEF1-4F49-A93A-99ABE065DA66}.Debug|x86.Deploy.0 = Debug|x86
		{433A7B8C-BEF1-4F49-A93A-99ABE065DA66}.Release|ARM.ActiveCfg = Release|ARM
		{433A7B8C-BEF1-4F49-A93A-99ABE065DA66}.Release|ARM.Build.0 = Release|ARM
		{433A7B8C-BEF1-4F49-A93A-99ABE065DA66}.Release|ARM.Deploy.0 = Release|ARM
		{433A7B8C-BEF1-4F49-A93A-99ABE065DA66}.Release|x64.ActiveCfg = Release|x64
		{433A7B8C-BEF1-4F49-A93A-99ABE065DA66}.Release|x64.Build.0 = Release|x64
		{433A7B8C-BEF1-4F49-A93A-99ABE065DA66}.Release|x64.Deploy.0 = Release|x64
		{433A7B8C-BEF1-4F49-A93A-99ABE065DA66}.Release|x86.ActiveCfg = Release|x86
		{433A7B8C-BEF1-4F49-A93A-99ABE065DA66}.Release|x86.Build.0 = Release|x86
		{433A7B8C-BEF1-4F49-A93A-99ABE065DA66}.Release|x86.Deploy.0 = Release|x86
		{0F616310-61A4-4DE9-B646-E7017DC43CEC}.Debug|ARM.ActiveCfg = Debug|ARM
		{0F616310-61A4-4DE9-B646-E7017DC43CEC}.Debug|ARM.Build.0 = Debug|ARM
		{0F616310-61A4-4DE9-B646-E7017DC43CEC}.Debug|ARM.Deploy.0 = Debug|ARM
		{0F616310-61A4-4DE9-B646-E7017DC43CEC}.Debug|x64.ActiveCfg = Debug|x64
		{0F616310-61A4-4DE9-B646-E7017DC43CEC}.Debug|x64.Build.0 = Debug|x64
		{0F616310-61A4-4DE9-B646-E7017DC43CEC}.Debug|x64.Deploy.0 = Debug|x64
		{0F616310-61A4-4DE9-B646-E7017DC43CEC}.Debug|x86.ActiveCfg = Debug|x86
		{0F616310-61A4-4DE9-B646-E7017DC43CEC}.Debug|x86.Build.0 = Debug|x86
		{0F616310-61A4-4DE9-B646-E7017DC43CEC}.Debug|x86.Deploy.0 = Debug|x86
		{0F616310-61A4-4DE9-B646-E7017DC43CEC}.Release|ARM.ActiveCfg = Release|ARM
		{0F616310-61A4-4DE9-B646-E7017DC43CEC}.Release|ARM.Build.0 = Release|ARM
		{0F616310-61A4-4DE9-B646-E7017DC43CEC}.Release|ARM.Deploy.0 = Release|ARM
		{0F616310-61A4-4DE9-B646-E7017DC43CEC}.Release|x64.ActiveCfg = Release|x64
		{0F616310-61A4-4DE9-B646-E7017DC43CEC}.Release|x64.Build.0 = Release|x64
		{0F616310-61A4-4DE9-B646-E7017DC43CEC}.Release|x64.Deploy.0 = Release|x64
		{0F616310-61A4-4DE9-B646-E7017DC43CEC}.Release|x86.ActiveCfg = Release|x86
		{0F616310-61A4-4DE9-B646-E7017DC43CEC}.Release|x86.Build.0 = Release|x86
		{0F616310-61A4-4DE9-B646-E7017DC43CEC}.Release|x86.Deploy.0 = Release|x86
		{40CF1385-DEB3-4270-98B0-70F0A3D7FCF5}.Debug|ARM.ActiveCfg = Debug|ARM
		{40CF1385-DEB3-4270-98B0-70F0A3D7FCF5}.Debug|ARM.Build.0 = Debug|ARM
		{40CF1385-DEB3-4270-98B0-70F0A3D7FCF5}.Debug|ARM.Deploy.0 = Debug|ARM
		{40CF1385-DEB3-4270-98B0-70F0A3D7FCF5}.Debug|x64.ActiveCfg = Debug|x64
		{40CF1385-DEB3-4270-98B0-70F0A3D7FCF5}.Debug|x64.Build.0 = Debug|x64
		{40CF1385-DEB3-4270-98B0-70F0A3D7FCF5}.Debug|x64.Deploy.0 = Debug|x64
		{40CF1385-DEB3-4270-98B0-70F0A3D7FCF5}.Debug|x86.ActiveCfg = Debug|x86
		{40CF1385-DEB3-4270-98B0-70F0A3D7FCF5}.Debug|x86.Build.0 = Debug|x86
		{40CF1385-DEB3-4270-98B0-70F0A3D7FCF5}.Debug|x86.Deploy.0 = Debug|x86
		{40CF1385-DEB3-4270-98B0-70F0A3D7FCF5}.Release|ARM.ActiveCfg = Release|ARM
		{40CF1385-DEB3-4270-98B0-70F0A3D7FCF5}.Release|ARM.Build.0 = Release|ARM
		{40CF1385-DEB3-4270-98B0-70F0A3D7FCF5}.Release|ARM.Deploy.0 = Release|ARM
		{40CF1385-DEB3-4270-98B0-70F0A3D7FCF5}.Release|x64.ActiveCfg = Release|x64
		{40CF1385-DEB3-4270-98B0-70F0A3D7FCF5}.Release|x64.Build.0 = Release|x64
		{40CF1385-DEB3-4270-98B0-70F0A3D7FCF5}.Release|x64.Deploy.0 = Release|x64
		{40CF1385-DEB3-4270-98B0-70F0A3D7FCF5}.Release|x86.ActiveCfg = Release|x86
		{40CF1385-DEB3-4270-98B0-70F0A3D7FCF5}.Release|x86.Build.0 = Release|x86
		{40CF1385-DEB3-4270-98B0-70F0A3D7FCF5}.Release|x86.Deploy.0 = Release|x86
	EndGlobalSection
	GlobalSection(SolutionProperties) = preSolution
		HideSolutionNode = FALSE
	EndGlobalSection
EndGlobal
